
Microsoft Visual Studio Solution File, Format Version 12.00
# Visual Studio 15
VisualStudioVersion = 15.0.27130.2027
MinimumVisualStudioVersion = 10.0.40219.1
Project("{FAE04EC0-301F-11D3-BF4B-00C04F79EFBC}") = "Hasher", "Hasher\Hasher.csproj", "{0821766B-474C-4EBE-9F06-B261809400FE}"
EndProject
Global
	GlobalSection(SolutionConfigurationPlatforms) = preSolution
		Debug|Any CPU = Debug|Any CPU
		Release|Any CPU = Release|Any CPU
	EndGlobalSection
	GlobalSection(ProjectConfigurationPlatforms) = postSolution
		{0821766B-474C-4EBE-9F06-B261809400FE}.Debug|Any CPU.ActiveCfg = Debug|Any CPU
		{0821766B-474C-4EBE-9F06-B261809400FE}.Debug|Any CPU.Build.0 = Debug|Any CPU
		{0821766B-474C-4EBE-9F06-B261809400FE}.Release|Any CPU.ActiveCfg = Release|Any CPU
		{0821766B-474C-4EBE-9F06-B261809400FE}.Release|Any CPU.Build.0 = Release|Any CPU
	EndGlobalSection
	GlobalSection(SolutionProperties) = preSolution
		HideSolutionNode = FALSE
	EndGlobalSection
	GlobalSection(ExtensibilityGlobals) = postSolution
		SolutionGuid = {FD5EE53B-3C7B-4144-9FD6-13DF0B4F7BC0}
	EndGlobalSection
EndGlobal
